// !$*UTF8*$!
{
	archiveVersion = 1;
	classes = {
	};
	objectVersion = 48;
	objects = {

/* Begin PBXBuildFile section */
		951BAAB7201B1EFE00D7A602 /* AppDelegate.swift in Sources */ = {isa = PBXBuildFile; fileRef = 951BAAB6201B1EFE00D7A602 /* AppDelegate.swift */; };
		951BAAB9201B1EFE00D7A602 /* ViewController.swift in Sources */ = {isa = PBXBuildFile; fileRef = 951BAAB8201B1EFE00D7A602 /* ViewController.swift */; };
		951BAABC201B1EFE00D7A602 /* Main.storyboard in Resources */ = {isa = PBXBuildFile; fileRef = 951BAABA201B1EFE00D7A602 /* Main.storyboard */; };
		951BAABE201B1EFE00D7A602 /* Assets.xcassets in Resources */ = {isa = PBXBuildFile; fileRef = 951BAABD201B1EFE00D7A602 /* Assets.xcassets */; };
		951BAAC1201B1EFE00D7A602 /* LaunchScreen.storyboard in Resources */ = {isa = PBXBuildFile; fileRef = 951BAABF201B1EFE00D7A602 /* LaunchScreen.storyboard */; };
		951BAACC201B1EFF00D7A602 /* SampleProjectTests.swift in Sources */ = {isa = PBXBuildFile; fileRef = 951BAACB201B1EFF00D7A602 /* SampleProjectTests.swift */; };
/* End PBXBuildFile section */

/* Begin PBXContainerItemProxy section */
		951BAAC8201B1EFF00D7A602 /* PBXContainerItemProxy */ = {
			isa = PBXContainerItemProxy;
			containerPortal = 951BAAAB201B1EFE00D7A602 /* Project object */;
			proxyType = 1;
			remoteGlobalIDString = 951BAAB2201B1EFE00D7A602;
			remoteInfo = SampleProject;
		};
/* End PBXContainerItemProxy section */

/* Begin PBXFileReference section */
		951BAAB3201B1EFE00D7A602 /* SampleProject.app */ = {isa = PBXFileReference; explicitFileType = wrapper.application; includeInIndex = 0; path = SampleProject.app; sourceTree = BUILT_PRODUCTS_DIR; };
		951BAAB6201B1EFE00D7A602 /* AppDelegate.swift */ = {isa = PBXFileReference; lastKnownFileType = sourcecode.swift; path = AppDelegate.swift; sourceTree = "<group>"; };
		951BAAB8201B1EFE00D7A602 /* ViewController.swift */ = {isa = PBXFileReference; lastKnownFileType = sourcecode.swift; path = ViewController.swift; sourceTree = "<group>"; };
		951BAABB201B1EFE00D7A602 /* Base */ = {isa = PBXFileReference; lastKnownFileType = file.storyboard; name = Base; path = Base.lproj/Main.storyboard; sourceTree = "<group>"; };
		951BAABD201B1EFE00D7A602 /* Assets.xcassets */ = {isa = PBXFileReference; lastKnownFileType = folder.assetcatalog; path = Assets.xcassets; sourceTree = "<group>"; };
		951BAAC0201B1EFE00D7A602 /* Base */ = {isa = PBXFileReference; lastKnownFileType = file.storyboard; name = Base; path = Base.lproj/LaunchScreen.storyboard; sourceTree = "<group>"; };
		951BAAC2201B1EFE00D7A602 /* Info.plist */ = {isa = PBXFileReference; lastKnownFileType = text.plist.xml; path = Info.plist; sourceTree = "<group>"; };
		951BAAC7201B1EFE00D7A602 /* SampleProjectTests.xctest */ = {isa = PBXFileReference; explicitFileType = wrapper.cfbundle; includeInIndex = 0; path = SampleProjectTests.xctest; sourceTree = BUILT_PRODUCTS_DIR; };
		951BAACB201B1EFF00D7A602 /* SampleProjectTests.swift */ = {isa = PBXFileReference; lastKnownFileType = sourcecode.swift; path = SampleProjectTests.swift; sourceTree = "<group>"; };
		951BAACD201B1EFF00D7A602 /* Info.plist */ = {isa = PBXFileReference; lastKnownFileType = text.plist.xml; path = Info.plist; sourceTree = "<group>"; };
/* End PBXFileReference section */

/* Begin PBXFrameworksBuildPhase section */
		951BAAB0201B1EFE00D7A602 /* Frameworks */ = {
			isa = PBXFrameworksBuildPhase;
			buildActionMask = 2147483647;
			files = (
			);
			runOnlyForDeploymentPostprocessing = 0;
		};
		951BAAC4201B1EFE00D7A602 /* Frameworks */ = {
			isa = PBXFrameworksBuildPhase;
			buildActionMask = 2147483647;
			files = (
			);
			runOnlyForDeploymentPostprocessing = 0;
		};
/* End PBXFrameworksBuildPhase section */

/* Begin PBXGroup section */
		951BAAAA201B1EFE00D7A602 = {
			isa = PBXGroup;
			children = (
				951BAAB5201B1EFE00D7A602 /* SampleProject */,
				951BAACA201B1EFF00D7A602 /* SampleProjectTests */,
				951BAAB4201B1EFE00D7A602 /* Products */,
			);
			sourceTree = "<group>";
		};
		951BAAB4201B1EFE00D7A602 /* Products */ = {
			isa = PBXGroup;
			children = (
				951BAAB3201B1EFE00D7A602 /* SampleProject.app */,
				951BAAC7201B1EFE00D7A602 /* SampleProjectTests.xctest */,
			);
			name = Products;
			sourceTree = "<group>";
		};
		951BAAB5201B1EFE00D7A602 /* SampleProject */ = {
			isa = PBXGroup;
			children = (
				951BAAB6201B1EFE00D7A602 /* AppDelegate.swift */,
				951BAAB8201B1EFE00D7A602 /* ViewController.swift */,
				951BAABA201B1EFE00D7A602 /* Main.storyboard */,
				951BAABD201B1EFE00D7A602 /* Assets.xcassets */,
				951BAABF201B1EFE00D7A602 /* LaunchScreen.storyboard */,
				951BAAC2201B1EFE00D7A602 /* Info.plist */,
			);
			path = SampleProject;
			sourceTree = "<group>";
		};
		951BAACA201B1EFF00D7A602 /* SampleProjectTests */ = {
			isa = PBXGroup;
			children = (
				951BAACB201B1EFF00D7A602 /* SampleProjectTests.swift */,
				951BAACD201B1EFF00D7A602 /* Info.plist */,
			);
			path = SampleProjectTests;
			sourceTree = "<group>";
		};
/* End PBXGroup section */

/* Begin PBXNativeTarget section */
		951BAAB2201B1EFE00D7A602 /* SampleProject */ = {
			isa = PBXNativeTarget;
			buildConfigurationList = 951BAAD0201B1EFF00D7A602 /* Build configuration list for PBXNativeTarget "SampleProject" */;
			buildPhases = (
				951BAAAF201B1EFE00D7A602 /* Sources */,
				951BAAB0201B1EFE00D7A602 /* Frameworks */,
				951BAAB1201B1EFE00D7A602 /* Resources */,
			);
			buildRules = (
			);
			dependencies = (
			);
			name = SampleProject;
			productName = SampleProject;
			productReference = 951BAAB3201B1EFE00D7A602 /* SampleProject.app */;
			productType = "com.apple.product-type.application";
		};
		951BAAC6201B1EFE00D7A602 /* SampleProjectTests */ = {
			isa = PBXNativeTarget;
			buildConfigurationList = 951BAAD3201B1EFF00D7A602 /* Build configuration list for PBXNativeTarget "SampleProjectTests" */;
			buildPhases = (
				951BAAC3201B1EFE00D7A602 /* Sources */,
				951BAAC4201B1EFE00D7A602 /* Frameworks */,
				951BAAC5201B1EFE00D7A602 /* Resources */,
			);
			buildRules = (
			);
			dependencies = (
				951BAAC9201B1EFF00D7A602 /* PBXTargetDependency */,
			);
			name = SampleProjectTests;
			productName = SampleProjectTests;
			productReference = 951BAAC7201B1EFE00D7A602 /* SampleProjectTests.xctest */;
			productType = "com.apple.product-type.bundle.unit-test";
		};
/* End PBXNativeTarget section */

/* Begin PBXProject section */
		951BAAAB201B1EFE00D7A602 /* Project object */ = {
			isa = PBXProject;
			attributes = {
				LastSwiftUpdateCheck = 0920;
				LastUpgradeCheck = 0920;
				ORGANIZATIONNAME = tanaka.kenji;
				TargetAttributes = {
					951BAAB2201B1EFE00D7A602 = {
						CreatedOnToolsVersion = 9.2;
						ProvisioningStyle = Automatic;
					};
					951BAAC6201B1EFE00D7A602 = {
						CreatedOnToolsVersion = 9.2;
						ProvisioningStyle = Automatic;
						TestTargetID = 951BAAB2201B1EFE00D7A602;
					};
				};
			};
			buildConfigurationList = 951BAAAE201B1EFE00D7A602 /* Build configuration list for PBXProject "SampleProject" */;
			compatibilityVersion = "Xcode 8.0";
			developmentRegion = en;
			hasScannedForEncodings = 0;
			knownRegions = (
				en,
				Base,
			);
			mainGroup = 951BAAAA201B1EFE00D7A602;
			productRefGroup = 951BAAB4201B1EFE00D7A602 /* Products */;
			projectDirPath = "";
			projectRoot = "";
			targets = (
				951BAAB2201B1EFE00D7A602 /* SampleProject */,
				951BAAC6201B1EFE00D7A602 /* SampleProjectTests */,
			);
		};
/* End PBXProject section */

/* Begin PBXResourcesBuildPhase section */
		951BAAB1201B1EFE00D7A602 /* Resources */ = {
			isa = PBXResourcesBuildPhase;
			buildActionMask = 2147483647;
			files = (
				951BAAC1201B1EFE00D7A602 /* LaunchScreen.storyboard in Resources */,
				951BAABE201B1EFE00D7A602 /* Assets.xcassets in Resources */,
				951BAABC201B1EFE00D7A602 /* Main.storyboard in Resources */,
			);
			runOnlyForDeploymentPostprocessing = 0;
		};
		951BAAC5201B1EFE00D7A602 /* Resources */ = {
			isa = PBXResourcesBuildPhase;
			buildActionMask = 2147483647;
			files = (
			);
			runOnlyForDeploymentPostprocessing = 0;
		};
/* End PBXResourcesBuildPhase section */

/* Begin PBXSourcesBuildPhase section */
		951BAAAF201B1EFE00D7A602 /* Sources */ = {
			isa = PBXSourcesBuildPhase;
			buildActionMask = 2147483647;
			files = (
				951BAAB9201B1EFE00D7A602 /* ViewController.swift in Sources */,
				951BAAB7201B1EFE00D7A602 /* AppDelegate.swift in Sources */,
			);
			runOnlyForDeploymentPostprocessing = 0;
		};
		951BAAC3201B1EFE00D7A602 /* Sources */ = {
			isa = PBXSourcesBuildPhase;
			buildActionMask = 2147483647;
			files = (
				951BAACC201B1EFF00D7A602 /* SampleProjectTests.swift in Sources */,
			);
			runOnlyForDeploymentPostprocessing = 0;
		};
/* End PBXSourcesBuildPhase section */

/* Begin PBXTargetDependency section */
		951BAAC9201B1EFF00D7A602 /* PBXTargetDependency */ = {
			isa = PBXTargetDependency;
			target = 951BAAB2201B1EFE00D7A602 /* SampleProject */;
			targetProxy = 951BAAC8201B1EFF00D7A602 /* PBXContainerItemProxy */;
		};
/* End PBXTargetDependency section */

/* Begin PBXVariantGroup section */
		951BAABA201B1EFE00D7A602 /* Main.storyboard */ = {
			isa = PBXVariantGroup;
			children = (
				951BAABB201B1EFE00D7A602 /* Base */,
			);
			name = Main.storyboard;
			sourceTree = "<group>";
		};
		951BAABF201B1EFE00D7A602 /* LaunchScreen.storyboard */ = {
			isa = PBXVariantGroup;
			children = (
				951BAAC0201B1EFE00D7A602 /* Base */,
			);
			name = LaunchScreen.storyboard;
			sourceTree = "<group>";
		};
/* End PBXVariantGroup section */

/* Begin XCBuildConfiguration section */
		951BAACE201B1EFF00D7A602 /* Debug */ = {
			isa = XCBuildConfiguration;
			buildSettings = {
				ALWAYS_SEARCH_USER_PATHS = NO;
				CLANG_ANALYZER_NONNULL = YES;
				CLANG_ANALYZER_NUMBER_OBJECT_CONVERSION = YES_AGGRESSIVE;
				CLANG_CXX_LANGUAGE_STANDARD = "gnu++14";
				CLANG_CXX_LIBRARY = "libc++";
				CLANG_ENABLE_MODULES = YES;
				CLANG_ENABLE_OBJC_ARC = YES;
				CLANG_WARN_BLOCK_CAPTURE_AUTORELEASING = YES;
				CLANG_WARN_BOOL_CONVERSION = YES;
				CLANG_WARN_COMMA = YES;
				CLANG_WARN_CONSTANT_CONVERSION = YES;
				CLANG_WARN_DIRECT_OBJC_ISA_USAGE = YES_ERROR;
				CLANG_WARN_DOCUMENTATION_COMMENTS = YES;
				CLANG_WARN_EMPTY_BODY = YES;
				CLANG_WARN_ENUM_CONVERSION = YES;
				CLANG_WARN_INFINITE_RECURSION = YES;
				CLANG_WARN_INT_CONVERSION = YES;
				CLANG_WARN_NON_LITERAL_NULL_CONVERSION = YES;
				CLANG_WARN_OBJC_LITERAL_CONVERSION = YES;
				CLANG_WARN_OBJC_ROOT_CLASS = YES_ERROR;
				CLANG_WARN_RANGE_LOOP_ANALYSIS = YES;
				CLANG_WARN_STRICT_PROTOTYPES = YES;
				CLANG_WARN_SUSPICIOUS_MOVE = YES;
				CLANG_WARN_UNGUARDED_AVAILABILITY = YES_AGGRESSIVE;
				CLANG_WARN_UNREACHABLE_CODE = YES;
				CLANG_WARN__DUPLICATE_METHOD_MATCH = YES;
				CODE_SIGN_IDENTITY = "iPhone Developer";
				COPY_PHASE_STRIP = NO;
				DEBUG_INFORMATION_FORMAT = dwarf;
				ENABLE_STRICT_OBJC_MSGSEND = YES;
				ENABLE_TESTABILITY = YES;
				GCC_C_LANGUAGE_STANDARD = gnu11;
				GCC_DYNAMIC_NO_PIC = NO;
				GCC_NO_COMMON_BLOCKS = YES;
				GCC_OPTIMIZATION_LEVEL = 0;
				GCC_PREPROCESSOR_DEFINITIONS = (
					"DEBUG=1",
					"$(inherited)",
				);
				GCC_WARN_64_TO_32_BIT_CONVERSION = YES;
				GCC_WARN_ABOUT_RETURN_TYPE = YES_ERROR;
				GCC_WARN_UNDECLARED_SELECTOR = YES;
				GCC_WARN_UNINITIALIZED_AUTOS = YES_AGGRESSIVE;
				GCC_WARN_UNUSED_FUNCTION = YES;
				GCC_WARN_UNUSED_VARIABLE = YES;
				IPHONEOS_DEPLOYMENT_TARGET = 11.2;
				MTL_ENABLE_DEBUG_INFO = YES;
				ONLY_ACTIVE_ARCH = YES;
				SDKROOT = iphoneos;
				SWIFT_ACTIVE_COMPILATION_CONDITIONS = DEBUG;
				SWIFT_OPTIMIZATION_LEVEL = "-Onone";
			};
			name = Debug;
		};
		951BAACF201B1EFF00D7A602 /* Release */ = {
			isa = XCBuildConfiguration;
			buildSettings = {
				ALWAYS_SEARCH_USER_PATHS = NO;
				CLANG_ANALYZER_NONNULL = YES;
				CLANG_ANALYZER_NUMBER_OBJECT_CONVERSION = YES_AGGRESSIVE;
				CLANG_CXX_LANGUAGE_STANDARD = "gnu++14";
				CLANG_CXX_LIBRARY = "libc++";
				CLANG_ENABLE_MODULES = YES;
				CLANG_ENABLE_OBJC_ARC = YES;
				CLANG_WARN_BLOCK_CAPTURE_AUTORELEASING = YES;
				CLANG_WARN_BOOL_CONVERSION = YES;
				CLANG_WARN_COMMA = YES;
				CLANG_WARN_CONSTANT_CONVERSION = YES;
				CLANG_WARN_DIRECT_OBJC_ISA_USAGE = YES_ERROR;
				CLANG_WARN_DOCUMENTATION_COMMENTS = YES;
				CLANG_WARN_EMPTY_BODY = YES;
				CLANG_WARN_ENUM_CONVERSION = YES;
				CLANG_WARN_INFINITE_RECURSION = YES;
				CLANG_WARN_INT_CONVERSION = YES;
				CLANG_WARN_NON_LITERAL_NULL_CONVERSION = YES;
				CLANG_WARN_OBJC_LITERAL_CONVERSION = YES;
				CLANG_WARN_OBJC_ROOT_CLASS = YES_ERROR;
				CLANG_WARN_RANGE_LOOP_ANALYSIS = YES;
				CLANG_WARN_STRICT_PROTOTYPES = YES;
				CLANG_WARN_SUSPICIOUS_MOVE = YES;
				CLANG_WARN_UNGUARDED_AVAILABILITY = YES_AGGRESSIVE;
				CLANG_WARN_UNREACHABLE_CODE = YES;
				CLANG_WARN__DUPLICATE_METHOD_MATCH = YES;
				CODE_SIGN_IDENTITY = "iPhone Developer";
				COPY_PHASE_STRIP = NO;
				DEBUG_INFORMATION_FORMAT = "dwarf-with-dsym";
				ENABLE_NS_ASSERTIONS = NO;
				ENABLE_STRICT_OBJC_MSGSEND = YES;
				GCC_C_LANGUAGE_STANDARD = gnu11;
				GCC_NO_COMMON_BLOCKS = YES;
				GCC_WARN_64_TO_32_BIT_CONVERSION = YES;
				GCC_WARN_ABOUT_RETURN_TYPE = YES_ERROR;
				GCC_WARN_UNDECLARED_SELECTOR = YES;
				GCC_WARN_UNINITIALIZED_AUTOS = YES_AGGRESSIVE;
				GCC_WARN_UNUSED_FUNCTION = YES;
				GCC_WARN_UNUSED_VARIABLE = YES;
				IPHONEOS_DEPLOYMENT_TARGET = 11.2;
				MTL_ENABLE_DEBUG_INFO = NO;
				SDKROOT = iphoneos;
				SWIFT_OPTIMIZATION_LEVEL = "-Owholemodule";
				VALIDATE_PRODUCT = YES;
			};
			name = Release;
		};
		951BAAD1201B1EFF00D7A602 /* Debug */ = {
			isa = XCBuildConfiguration;
			buildSettings = {
				ASSETCATALOG_COMPILER_APPICON_NAME = AppIcon;
				CODE_SIGN_STYLE = Automatic;
				DEVELOPMENT_TEAM = 3ASJECAERZ;
				INFOPLIST_FILE = SampleProject/Info.plist;
				LD_RUNPATH_SEARCH_PATHS = "$(inherited) @executable_path/Frameworks";
				PRODUCT_BUNDLE_IDENTIFIER = com.ktanaka.SampleProject;
				PRODUCT_NAME = "$(TARGET_NAME)";
				SWIFT_VERSION = 4.0;
				TARGETED_DEVICE_FAMILY = "1,2";
			};
			name = Debug;
		};
		951BAAD2201B1EFF00D7A602 /* Release */ = {
			isa = XCBuildConfiguration;
			buildSettings = {
				ASSETCATALOG_COMPILER_APPICON_NAME = AppIcon;
				CODE_SIGN_STYLE = Automatic;
				DEVELOPMENT_TEAM = 3ASJECAERZ;
				INFOPLIST_FILE = SampleProject/Info.plist;
				LD_RUNPATH_SEARCH_PATHS = "$(inherited) @executable_path/Frameworks";
				PRODUCT_BUNDLE_IDENTIFIER = com.ktanaka.SampleProject;
				PRODUCT_NAME = "$(TARGET_NAME)";
				SWIFT_VERSION = 4.0;
				TARGETED_DEVICE_FAMILY = "1,2";
			};
			name = Release;
		};
		951BAAD4201B1EFF00D7A602 /* Debug */ = {
			isa = XCBuildConfiguration;
			buildSettings = {
				ALWAYS_EMBED_SWIFT_STANDARD_LIBRARIES = YES;
				BUNDLE_LOADER = "$(TEST_HOST)";
				CODE_SIGN_STYLE = Automatic;
				DEVELOPMENT_TEAM = 3ASJECAERZ;
				INFOPLIST_FILE = SampleProjectTests/Info.plist;
				LD_RUNPATH_SEARCH_PATHS = "$(inherited) @executable_path/Frameworks @loader_path/Frameworks";
				PRODUCT_BUNDLE_IDENTIFIER = com.ktanaka.SampleProjectTests;
				PRODUCT_NAME = "$(TARGET_NAME)";
				SWIFT_VERSION = 4.0;
				TARGETED_DEVICE_FAMILY = "1,2";
				TEST_HOST = "$(BUILT_PRODUCTS_DIR)/SampleProject.app/SampleProject";
			};
			name = Debug;
		};
		951BAAD5201B1EFF00D7A602 /* Release */ = {
			isa = XCBuildConfiguration;
			buildSettings = {
				ALWAYS_EMBED_SWIFT_STANDARD_LIBRARIES = YES;
				BUNDLE_LOADER = "$(TEST_HOST)";
				CODE_SIGN_STYLE = Automatic;
				DEVELOPMENT_TEAM = 3ASJECAERZ;
				INFOPLIST_FILE = SampleProjectTests/Info.plist;
				LD_RUNPATH_SEARCH_PATHS = "$(inherited) @executable_path/Frameworks @loader_path/Frameworks";
				PRODUCT_BUNDLE_IDENTIFIER = com.ktanaka.SampleProjectTests;
				PRODUCT_NAME = "$(TARGET_NAME)";
				SWIFT_VERSION = 4.0;
				TARGETED_DEVICE_FAMILY = "1,2";
				TEST_HOST = "$(BUILT_PRODUCTS_DIR)/SampleProject.app/SampleProject";
			};
			name = Release;
		};
/* End XCBuildConfiguration section */

/* Begin XCConfigurationList section */
		951BAAAE201B1EFE00D7A602 /* Build configuration list for PBXProject "SampleProject" */ = {
			isa = XCConfigurationList;
			buildConfigurations = (
				951BAACE201B1EFF00D7A602 /* Debug */,
				951BAACF201B1EFF00D7A602 /* Release */,
			);
			defaultConfigurationIsVisible = 0;
			defaultConfigurationName = Release;
		};
		951BAAD0201B1EFF00D7A602 /* Build configuration list for PBXNativeTarget "SampleProject" */ = {
			isa = XCConfigurationList;
			buildConfigurations = (
				951BAAD1201B1EFF00D7A602 /* Debug */,
				951BAAD2201B1EFF00D7A602 /* Release */,
			);
			defaultConfigurationIsVisible = 0;
			defaultConfigurationName = Release;
		};
		951BAAD3201B1EFF00D7A602 /* Build configuration list for PBXNativeTarget "SampleProjectTests" */ = {
			isa = XCConfigurationList;
			buildConfigurations = (
				951BAAD4201B1EFF00D7A602 /* Debug */,
				951BAAD5201B1EFF00D7A602 /* Release */,
			);
			defaultConfigurationIsVisible = 0;
			defaultConfigurationName = Release;
		};
/* End XCConfigurationList section */
	};
	rootObject = 951BAAAB201B1EFE00D7A602 /* Project object */;
}
